// !$*UTF8*$!
{
	archiveVersion = 1;
	classes = {
	};
	objectVersion = 50;
	objects = {

/* Begin PBXBuildFile section */
		ED807BA2264FC87A00590BAF /* AppDelegate.swift in Sources */ = {isa = PBXBuildFile; fileRef = ED807BA1264FC87A00590BAF /* AppDelegate.swift */; };
		ED807BA4264FC87A00590BAF /* SceneDelegate.swift in Sources */ = {isa = PBXBuildFile; fileRef = ED807BA3264FC87A00590BAF /* SceneDelegate.swift */; };
		ED807BA6264FC87A00590BAF /* TableViewController.swift in Sources */ = {isa = PBXBuildFile; fileRef = ED807BA5264FC87A00590BAF /* TableViewController.swift */; };
		ED807BA9264FC87A00590BAF /* Main.storyboard in Resources */ = {isa = PBXBuildFile; fileRef = ED807BA7264FC87A00590BAF /* Main.storyboard */; };
		ED807BAB264FC87B00590BAF /* Assets.xcassets in Resources */ = {isa = PBXBuildFile; fileRef = ED807BAA264FC87B00590BAF /* Assets.xcassets */; };
		ED807BAE264FC87B00590BAF /* LaunchScreen.storyboard in Resources */ = {isa = PBXBuildFile; fileRef = ED807BAC264FC87B00590BAF /* LaunchScreen.storyboard */; };
		ED807BB8264FC93E00590BAF /* SubCell.swift in Sources */ = {isa = PBXBuildFile; fileRef = ED807BB7264FC93E00590BAF /* SubCell.swift */; };
/* End PBXBuildFile section */

/* Begin PBXFileReference section */
		ED807B9E264FC87A00590BAF /* ExpandableTableViewCell.app */ = {isa = PBXFileReference; explicitFileType = wrapper.application; includeInIndex = 0; path = ExpandableTableViewCell.app; sourceTree = BUILT_PRODUCTS_DIR; };
		ED807BA1264FC87A00590BAF /* AppDelegate.swift */ = {isa = PBXFileReference; lastKnownFileType = sourcecode.swift; path = AppDelegate.swift; sourceTree = "<group>"; };
		ED807BA3264FC87A00590BAF /* SceneDelegate.swift */ = {isa = PBXFileReference; lastKnownFileType = sourcecode.swift; path = SceneDelegate.swift; sourceTree = "<group>"; };
		ED807BA5264FC87A00590BAF /* TableViewController.swift */ = {isa = PBXFileReference; lastKnownFileType = sourcecode.swift; path = TableViewController.swift; sourceTree = "<group>"; };
		ED807BA8264FC87A00590BAF /* Base */ = {isa = PBXFileReference; lastKnownFileType = file.storyboard; name = Base; path = Base.lproj/Main.storyboard; sourceTree = "<group>"; };
		ED807BAA264FC87B00590BAF /* Assets.xcassets */ = {isa = PBXFileReference; lastKnownFileType = folder.assetcatalog; path = Assets.xcassets; sourceTree = "<group>"; };
		ED807BAD264FC87B00590BAF /* Base */ = {isa = PBXFileReference; lastKnownFileType = file.storyboard; name = Base; path = Base.lproj/LaunchScreen.storyboard; sourceTree = "<group>"; };
		ED807BAF264FC87B00590BAF /* Info.plist */ = {isa = PBXFileReference; lastKnownFileType = text.plist.xml; path = Info.plist; sourceTree = "<group>"; };
		ED807BB7264FC93E00590BAF /* SubCell.swift */ = {isa = PBXFileReference; lastKnownFileType = sourcecode.swift; path = SubCell.swift; sourceTree = "<group>"; };
/* End PBXFileReference section */

/* Begin PBXFrameworksBuildPhase section */
		ED807B9B264FC87A00590BAF /* Frameworks */ = {
			isa = PBXFrameworksBuildPhase;
			buildActionMask = 2147483647;
			files = (
			);
			runOnlyForDeploymentPostprocessing = 0;
		};
/* End PBXFrameworksBuildPhase section */

/* Begin PBXGroup section */
		ED807B95264FC87A00590BAF = {
			isa = PBXGroup;
			children = (
				ED807BA0264FC87A00590BAF /* ExpandableTableViewCell */,
				ED807B9F264FC87A00590BAF /* Products */,
			);
			sourceTree = "<group>";
		};
		ED807B9F264FC87A00590BAF /* Products */ = {
			isa = PBXGroup;
			children = (
				ED807B9E264FC87A00590BAF /* ExpandableTableViewCell.app */,
			);
			name = Products;
			sourceTree = "<group>";
		};
		ED807BA0264FC87A00590BAF /* ExpandableTableViewCell */ = {
			isa = PBXGroup;
			children = (
				ED807BBA264FC94200590BAF /* Model */,
				ED807BA5264FC87A00590BAF /* TableViewController.swift */,
				ED807BA7264FC87A00590BAF /* Main.storyboard */,
				ED807BAA264FC87B00590BAF /* Assets.xcassets */,
				ED807BAC264FC87B00590BAF /* LaunchScreen.storyboard */,
				ED807BAF264FC87B00590BAF /* Info.plist */,
				ED807BBB264FC94800590BAF /* App Delegate */,
			);
			path = ExpandableTableViewCell;
			sourceTree = "<group>";
		};
		ED807BBA264FC94200590BAF /* Model */ = {
			isa = PBXGroup;
			children = (
				ED807BB7264FC93E00590BAF /* SubCell.swift */,
			);
			path = Model;
			sourceTree = "<group>";
		};
		ED807BBB264FC94800590BAF /* App Delegate */ = {
			isa = PBXGroup;
			children = (
				ED807BA1264FC87A00590BAF /* AppDelegate.swift */,
				ED807BA3264FC87A00590BAF /* SceneDelegate.swift */,
			);
			path = "App Delegate";
			sourceTree = "<group>";
		};
/* End PBXGroup section */

/* Begin PBXNativeTarget section */
		ED807B9D264FC87A00590BAF /* ExpandableTableViewCell */ = {
			isa = PBXNativeTarget;
			buildConfigurationList = ED807BB2264FC87B00590BAF /* Build configuration list for PBXNativeTarget "ExpandableTableViewCell" */;
			buildPhases = (
				ED807B9A264FC87A00590BAF /* Sources */,
				ED807B9B264FC87A00590BAF /* Frameworks */,
				ED807B9C264FC87A00590BAF /* Resources */,
			);
			buildRules = (
			);
			dependencies = (
			);
			name = ExpandableTableViewCell;
			productName = ExpandableTableViewCell;
			productReference = ED807B9E264FC87A00590BAF /* ExpandableTableViewCell.app */;
			productType = "com.apple.product-type.application";
		};
/* End PBXNativeTarget section */

/* Begin PBXProject section */
		ED807B96264FC87A00590BAF /* Project object */ = {
			isa = PBXProject;
			attributes = {
				LastSwiftUpdateCheck = 1200;
				LastUpgradeCheck = 1200;
				TargetAttributes = {
					ED807B9D264FC87A00590BAF = {
						CreatedOnToolsVersion = 12.0.1;
					};
				};
			};
			buildConfigurationList = ED807B99264FC87A00590BAF /* Build configuration list for PBXProject "ExpandableTableViewCell" */;
			compatibilityVersion = "Xcode 9.3";
			developmentRegion = en;
			hasScannedForEncodings = 0;
			knownRegions = (
				en,
				Base,
			);
			mainGroup = ED807B95264FC87A00590BAF;
			productRefGroup = ED807B9F264FC87A00590BAF /* Products */;
			projectDirPath = "";
			projectRoot = "";
			targets = (
				ED807B9D264FC87A00590BAF /* ExpandableTableViewCell */,
			);
		};
/* End PBXProject section */

/* Begin PBXResourcesBuildPhase section */
		ED807B9C264FC87A00590BAF /* Resources */ = {
			isa = PBXResourcesBuildPhase;
			buildActionMask = 2147483647;
			files = (
				ED807BAE264FC87B00590BAF /* LaunchScreen.storyboard in Resources */,
				ED807BAB264FC87B00590BAF /* Assets.xcassets in Resources */,
				ED807BA9264FC87A00590BAF /* Main.storyboard in Resources */,
			);
			runOnlyForDeploymentPostprocessing = 0;
		};
/* End PBXResourcesBuildPhase section */

/* Begin PBXSourcesBuildPhase section */
		ED807B9A264FC87A00590BAF /* Sources */ = {
			isa = PBXSourcesBuildPhase;
			buildActionMask = 2147483647;
			files = (
				ED807BA6264FC87A00590BAF /* TableViewController.swift in Sources */,
				ED807BA2264FC87A00590BAF /* AppDelegate.swift in Sources */,
				ED807BB8264FC93E00590BAF /* SubCell.swift in Sources */,
				ED807BA4264FC87A00590BAF /* SceneDelegate.swift in Sources */,
			);
			runOnlyForDeploymentPostprocessing = 0;
		};
/* End PBXSourcesBuildPhase section */

/* Begin PBXVariantGroup section */
		ED807BA7264FC87A00590BAF /* Main.storyboard */ = {
			isa = PBXVariantGroup;
			children = (
				ED807BA8264FC87A00590BAF /* Base */,
			);
			name = Main.storyboard;
			sourceTree = "<group>";
		};
		ED807BAC264FC87B00590BAF /* LaunchScreen.storyboard */ = {
			isa = PBXVariantGroup;
			children = (
				ED807BAD264FC87B00590BAF /* Base */,
			);
			name = LaunchScreen.storyboard;
			sourceTree = "<group>";
		};
/* End PBXVariantGroup section */

/* Begin XCBuildConfiguration section */
		ED807BB0264FC87B00590BAF /* Debug */ = {
			isa = XCBuildConfiguration;
			buildSettings = {
				ALWAYS_SEARCH_USER_PATHS = NO;
				CLANG_ANALYZER_NONNULL = YES;
				CLANG_ANALYZER_NUMBER_OBJECT_CONVERSION = YES_AGGRESSIVE;
				CLANG_CXX_LANGUAGE_STANDARD = "gnu++14";
				CLANG_CXX_LIBRARY = "libc++";
				CLANG_ENABLE_MODULES = YES;
				CLANG_ENABLE_OBJC_ARC = YES;
				CLANG_ENABLE_OBJC_WEAK = YES;
				CLANG_WARN_BLOCK_CAPTURE_AUTORELEASING = YES;
				CLANG_WARN_BOOL_CONVERSION = YES;
				CLANG_WARN_COMMA = YES;
				CLANG_WARN_CONSTANT_CONVERSION = YES;
				CLANG_WARN_DEPRECATED_OBJC_IMPLEMENTATIONS = YES;
				CLANG_WARN_DIRECT_OBJC_ISA_USAGE = YES_ERROR;
				CLANG_WARN_DOCUMENTATION_COMMENTS = YES;
				CLANG_WARN_EMPTY_BODY = YES;
				CLANG_WARN_ENUM_CONVERSION = YES;
				CLANG_WARN_INFINITE_RECURSION = YES;
				CLANG_WARN_INT_CONVERSION = YES;
				CLANG_WARN_NON_LITERAL_NULL_CONVERSION = YES;
				CLANG_WARN_OBJC_IMPLICIT_RETAIN_SELF = YES;
				CLANG_WARN_OBJC_LITERAL_CONVERSION = YES;
				CLANG_WARN_OBJC_ROOT_CLASS = YES_ERROR;
				CLANG_WARN_QUOTED_INCLUDE_IN_FRAMEWORK_HEADER = YES;
				CLANG_WARN_RANGE_LOOP_ANALYSIS = YES;
				CLANG_WARN_STRICT_PROTOTYPES = YES;
				CLANG_WARN_SUSPICIOUS_MOVE = YES;
				CLANG_WARN_UNGUARDED_AVAILABILITY = YES_AGGRESSIVE;
				CLANG_WARN_UNREACHABLE_CODE = YES;
				CLANG_WARN__DUPLICATE_METHOD_MATCH = YES;
				COPY_PHASE_STRIP = NO;
				DEBUG_INFORMATION_FORMAT = dwarf;
				ENABLE_STRICT_OBJC_MSGSEND = YES;
				ENABLE_TESTABILITY = YES;
				GCC_C_LANGUAGE_STANDARD = gnu11;
				GCC_DYNAMIC_NO_PIC = NO;
				GCC_NO_COMMON_BLOCKS = YES;
				GCC_OPTIMIZATION_LEVEL = 0;
				GCC_PREPROCESSOR_DEFINITIONS = (
					"DEBUG=1",
					"$(inherited)",
				);
				GCC_WARN_64_TO_32_BIT_CONVERSION = YES;
				GCC_WARN_ABOUT_RETURN_TYPE = YES_ERROR;
				GCC_WARN_UNDECLARED_SELECTOR = YES;
				GCC_WARN_UNINITIALIZED_AUTOS = YES_AGGRESSIVE;
				GCC_WARN_UNUSED_FUNCTION = YES;
				GCC_WARN_UNUSED_VARIABLE = YES;
				IPHONEOS_DEPLOYMENT_TARGET = 14.0;
				MTL_ENABLE_DEBUG_INFO = INCLUDE_SOURCE;
				MTL_FAST_MATH = YES;
				ONLY_ACTIVE_ARCH = YES;
				SDKROOT = iphoneos;
				SWIFT_ACTIVE_COMPILATION_CONDITIONS = DEBUG;
				SWIFT_OPTIMIZATION_LEVEL = "-Onone";
			};
			name = Debug;
		};
		ED807BB1264FC87B00590BAF /* Release */ = {
			isa = XCBuildConfiguration;
			buildSettings = {
				ALWAYS_SEARCH_USER_PATHS = NO;
				CLANG_ANALYZER_NONNULL = YES;
				CLANG_ANALYZER_NUMBER_OBJECT_CONVERSION = YES_AGGRESSIVE;
				CLANG_CXX_LANGUAGE_STANDARD = "gnu++14";
				CLANG_CXX_LIBRARY = "libc++";
				CLANG_ENABLE_MODULES = YES;
				CLANG_ENABLE_OBJC_ARC = YES;
				CLANG_ENABLE_OBJC_WEAK = YES;
				CLANG_WARN_BLOCK_CAPTURE_AUTORELEASING = YES;
				CLANG_WARN_BOOL_CONVERSION = YES;
				CLANG_WARN_COMMA = YES;
				CLANG_WARN_CONSTANT_CONVERSION = YES;
				CLANG_WARN_DEPRECATED_OBJC_IMPLEMENTATIONS = YES;
				CLANG_WARN_DIRECT_OBJC_ISA_USAGE = YES_ERROR;
				CLANG_WARN_DOCUMENTATION_COMMENTS = YES;
				CLANG_WARN_EMPTY_BODY = YES;
				CLANG_WARN_ENUM_CONVERSION = YES;
				CLANG_WARN_INFINITE_RECURSION = YES;
				CLANG_WARN_INT_CONVERSION = YES;
				CLANG_WARN_NON_LITERAL_NULL_CONVERSION = YES;
				CLANG_WARN_OBJC_IMPLICIT_RETAIN_SELF = YES;
				CLANG_WARN_OBJC_LITERAL_CONVERSION = YES;
				CLANG_WARN_OBJC_ROOT_CLASS = YES_ERROR;
				CLANG_WARN_QUOTED_INCLUDE_IN_FRAMEWORK_HEADER = YES;
				CLANG_WARN_RANGE_LOOP_ANALYSIS = YES;
				CLANG_WARN_STRICT_PROTOTYPES = YES;
				CLANG_WARN_SUSPICIOUS_MOVE = YES;
				CLANG_WARN_UNGUARDED_AVAILABILITY = YES_AGGRESSIVE;
				CLANG_WARN_UNREACHABLE_CODE = YES;
				CLANG_WARN__DUPLICATE_METHOD_MATCH = YES;
				COPY_PHASE_STRIP = NO;
				DEBUG_INFORMATION_FORMAT = "dwarf-with-dsym";
				ENABLE_NS_ASSERTIONS = NO;
				ENABLE_STRICT_OBJC_MSGSEND = YES;
				GCC_C_LANGUAGE_STANDARD = gnu11;
				GCC_NO_COMMON_BLOCKS = YES;
				GCC_WARN_64_TO_32_BIT_CONVERSION = YES;
				GCC_WARN_ABOUT_RETURN_TYPE = YES_ERROR;
				GCC_WARN_UNDECLARED_SELECTOR = YES;
				GCC_WARN_UNINITIALIZED_AUTOS = YES_AGGRESSIVE;
				GCC_WARN_UNUSED_FUNCTION = YES;
				GCC_WARN_UNUSED_VARIABLE = YES;
				IPHONEOS_DEPLOYMENT_TARGET = 14.0;
				MTL_ENABLE_DEBUG_INFO = NO;
				MTL_FAST_MATH = YES;
				SDKROOT = iphoneos;
				SWIFT_COMPILATION_MODE = wholemodule;
				SWIFT_OPTIMIZATION_LEVEL = "-O";
				VALIDATE_PRODUCT = YES;
			};
			name = Release;
		};
		ED807BB3264FC87B00590BAF /* Debug */ = {
			isa = XCBuildConfiguration;
			buildSettings = {
				ASSETCATALOG_COMPILER_APPICON_NAME = AppIcon;
				ASSETCATALOG_COMPILER_GLOBAL_ACCENT_COLOR_NAME = AccentColor;
				CODE_SIGN_STYLE = Automatic;
				INFOPLIST_FILE = ExpandableTableViewCell/Info.plist;
				LD_RUNPATH_SEARCH_PATHS = (
					"$(inherited)",
					"@executable_path/Frameworks",
				);
				PRODUCT_BUNDLE_IDENTIFIER = FarrasDoko.ExpandableTableViewCell;
				PRODUCT_NAME = "$(TARGET_NAME)";
				SWIFT_VERSION = 5.0;
				TARGETED_DEVICE_FAMILY = "1,2";
			};
			name = Debug;
		};
		ED807BB4264FC87B00590BAF /* Release */ = {
			isa = XCBuildConfiguration;
			buildSettings = {
				ASSETCATALOG_COMPILER_APPICON_NAME = AppIcon;
				ASSETCATALOG_COMPILER_GLOBAL_ACCENT_COLOR_NAME = AccentColor;
				CODE_SIGN_STYLE = Automatic;
				INFOPLIST_FILE = ExpandableTableViewCell/Info.plist;
				LD_RUNPATH_SEARCH_PATHS = (
					"$(inherited)",
					"@executable_path/Frameworks",
				);
				PRODUCT_BUNDLE_IDENTIFIER = FarrasDoko.ExpandableTableViewCell;
				PRODUCT_NAME = "$(TARGET_NAME)";
				SWIFT_VERSION = 5.0;
				TARGETED_DEVICE_FAMILY = "1,2";
			};
			name = Release;
		};
/* End XCBuildConfiguration section */

/* Begin XCConfigurationList section */
		ED807B99264FC87A00590BAF /* Build configuration list for PBXProject "ExpandableTableViewCell" */ = {
			isa = XCConfigurationList;
			buildConfigurations = (
				ED807BB0264FC87B00590BAF /* Debug */,
				ED807BB1264FC87B00590BAF /* Release */,
			);
			defaultConfigurationIsVisible = 0;
			defaultConfigurationName = Release;
		};
		ED807BB2264FC87B00590BAF /* Build configuration list for PBXNativeTarget "ExpandableTableViewCell" */ = {
			isa = XCConfigurationList;
			buildConfigurations = (
				ED807BB3264FC87B00590BAF /* Debug */,
				ED807BB4264FC87B00590BAF /* Release */,
			);
			defaultConfigurationIsVisible = 0;
			defaultConfigurationName = Release;
		};
/* End XCConfigurationList section */
	};
	rootObject = ED807B96264FC87A00590BAF /* Project object */;
}
